// !$*UTF8*$!
{
	archiveVersion = 1;
	classes = {
	};
	objectVersion = 55;
	objects = {

/* Begin PBXBuildFile section */
		810812E4287818E5000BBB40 /* PrimaryButton.swift in Sources */ = {isa = PBXBuildFile; fileRef = 810812E3287818E5000BBB40 /* PrimaryButton.swift */; };
		810812E7287819CA000BBB40 /* PrimaryButton.xib in Resources */ = {isa = PBXBuildFile; fileRef = 810812E6287819CA000BBB40 /* PrimaryButton.xib */; };
		8168A5A128796D540021C4B2 /* Intents.framework in Frameworks */ = {isa = PBXBuildFile; fileRef = 8168A5A028796D540021C4B2 /* Intents.framework */; };
		8168A5A428796D540021C4B2 /* IntentHandler.swift in Sources */ = {isa = PBXBuildFile; fileRef = 8168A5A328796D540021C4B2 /* IntentHandler.swift */; };
		8168A5AC28796D550021C4B2 /* IntentsUI.framework in Frameworks */ = {isa = PBXBuildFile; fileRef = 8168A5AB28796D550021C4B2 /* IntentsUI.framework */; };
		8168A5AF28796D550021C4B2 /* IntentViewController.swift in Sources */ = {isa = PBXBuildFile; fileRef = 8168A5AE28796D550021C4B2 /* IntentViewController.swift */; };
		8168A5B228796D550021C4B2 /* MainInterface.storyboard in Resources */ = {isa = PBXBuildFile; fileRef = 8168A5B028796D550021C4B2 /* MainInterface.storyboard */; };
		8168A5B628796D550021C4B2 /* IntentUI.appex in Embed App Extensions */ = {isa = PBXBuildFile; fileRef = 8168A5AA28796D550021C4B2 /* IntentUI.appex */; settings = {ATTRIBUTES = (RemoveHeadersOnCopy, ); }; };
		8168A5B928796D550021C4B2 /* Intent.appex in Embed App Extensions */ = {isa = PBXBuildFile; fileRef = 8168A59E28796D540021C4B2 /* Intent.appex */; settings = {ATTRIBUTES = (RemoveHeadersOnCopy, ); }; };
		8168A5C128796D750021C4B2 /* Intents.intentdefinition in Sources */ = {isa = PBXBuildFile; fileRef = 8168A5C028796D750021C4B2 /* Intents.intentdefinition */; };
		8168A5C228796D750021C4B2 /* Intents.intentdefinition in Sources */ = {isa = PBXBuildFile; fileRef = 8168A5C028796D750021C4B2 /* Intents.intentdefinition */; };
		8168A5C528796EE90021C4B2 /* OperateNumbersIntentHandler.swift in Sources */ = {isa = PBXBuildFile; fileRef = 8168A5C328796EE90021C4B2 /* OperateNumbersIntentHandler.swift */; };
		81D54A8E28767DA00059218E /* AppDelegate.swift in Sources */ = {isa = PBXBuildFile; fileRef = 81D54A8D28767DA00059218E /* AppDelegate.swift */; };
		81D54A9028767DA00059218E /* SceneDelegate.swift in Sources */ = {isa = PBXBuildFile; fileRef = 81D54A8F28767DA00059218E /* SceneDelegate.swift */; };
		81D54A9228767DA00059218E /* ViewController.swift in Sources */ = {isa = PBXBuildFile; fileRef = 81D54A9128767DA00059218E /* ViewController.swift */; };
		81D54A9528767DA00059218E /* Main.storyboard in Resources */ = {isa = PBXBuildFile; fileRef = 81D54A9328767DA00059218E /* Main.storyboard */; };
		81D54A9728767DA20059218E /* Assets.xcassets in Resources */ = {isa = PBXBuildFile; fileRef = 81D54A9628767DA20059218E /* Assets.xcassets */; };
		81D54A9A28767DA20059218E /* LaunchScreen.storyboard in Resources */ = {isa = PBXBuildFile; fileRef = 81D54A9828767DA20059218E /* LaunchScreen.storyboard */; };
/* End PBXBuildFile section */

/* Begin PBXContainerItemProxy section */
		8168A5B428796D550021C4B2 /* PBXContainerItemProxy */ = {
			isa = PBXContainerItemProxy;
			containerPortal = 81D54A8228767DA00059218E /* Project object */;
			proxyType = 1;
			remoteGlobalIDString = 8168A5A928796D550021C4B2;
			remoteInfo = IntentUI;
		};
		8168A5B728796D550021C4B2 /* PBXContainerItemProxy */ = {
			isa = PBXContainerItemProxy;
			containerPortal = 81D54A8228767DA00059218E /* Project object */;
			proxyType = 1;
			remoteGlobalIDString = 8168A59D28796D540021C4B2;
			remoteInfo = Intent;
		};
/* End PBXContainerItemProxy section */

/* Begin PBXCopyFilesBuildPhase section */
		8108130E28782574000BBB40 /* Embed App Extensions */ = {
			isa = PBXCopyFilesBuildPhase;
			buildActionMask = 12;
			dstPath = "";
			dstSubfolderSpec = 13;
			files = (
				8168A5B928796D550021C4B2 /* Intent.appex in Embed App Extensions */,
				8168A5B628796D550021C4B2 /* IntentUI.appex in Embed App Extensions */,
			);
			name = "Embed App Extensions";
			runOnlyForDeploymentPostprocessing = 0;
		};
/* End PBXCopyFilesBuildPhase section */

/* Begin PBXFileReference section */
		810812E22876E5A9000BBB40 /* Sensitive.entitlements */ = {isa = PBXFileReference; lastKnownFileType = text.plist.entitlements; path = Sensitive.entitlements; sourceTree = "<group>"; };
		810812E3287818E5000BBB40 /* PrimaryButton.swift */ = {isa = PBXFileReference; lastKnownFileType = sourcecode.swift; path = PrimaryButton.swift; sourceTree = "<group>"; };
		810812E6287819CA000BBB40 /* PrimaryButton.xib */ = {isa = PBXFileReference; lastKnownFileType = file.xib; path = PrimaryButton.xib; sourceTree = "<group>"; };
		8168A59E28796D540021C4B2 /* Intent.appex */ = {isa = PBXFileReference; explicitFileType = "wrapper.app-extension"; includeInIndex = 0; path = Intent.appex; sourceTree = BUILT_PRODUCTS_DIR; };
		8168A5A028796D540021C4B2 /* Intents.framework */ = {isa = PBXFileReference; lastKnownFileType = wrapper.framework; name = Intents.framework; path = System/Library/Frameworks/Intents.framework; sourceTree = SDKROOT; };
		8168A5A328796D540021C4B2 /* IntentHandler.swift */ = {isa = PBXFileReference; lastKnownFileType = sourcecode.swift; path = IntentHandler.swift; sourceTree = "<group>"; };
		8168A5A528796D540021C4B2 /* Info.plist */ = {isa = PBXFileReference; lastKnownFileType = text.plist.xml; path = Info.plist; sourceTree = "<group>"; };
		8168A5AA28796D550021C4B2 /* IntentUI.appex */ = {isa = PBXFileReference; explicitFileType = "wrapper.app-extension"; includeInIndex = 0; path = IntentUI.appex; sourceTree = BUILT_PRODUCTS_DIR; };
		8168A5AB28796D550021C4B2 /* IntentsUI.framework */ = {isa = PBXFileReference; lastKnownFileType = wrapper.framework; name = IntentsUI.framework; path = System/Library/Frameworks/IntentsUI.framework; sourceTree = SDKROOT; };
		8168A5AE28796D550021C4B2 /* IntentViewController.swift */ = {isa = PBXFileReference; lastKnownFileType = sourcecode.swift; path = IntentViewController.swift; sourceTree = "<group>"; };
		8168A5B128796D550021C4B2 /* Base */ = {isa = PBXFileReference; lastKnownFileType = file.storyboard; name = Base; path = Base.lproj/MainInterface.storyboard; sourceTree = "<group>"; };
		8168A5B328796D550021C4B2 /* Info.plist */ = {isa = PBXFileReference; lastKnownFileType = text.plist.xml; path = Info.plist; sourceTree = "<group>"; };
		8168A5C028796D750021C4B2 /* Intents.intentdefinition */ = {isa = PBXFileReference; lastKnownFileType = file.intentdefinition; path = Intents.intentdefinition; sourceTree = "<group>"; };
		8168A5C328796EE90021C4B2 /* OperateNumbersIntentHandler.swift */ = {isa = PBXFileReference; lastKnownFileType = sourcecode.swift; path = OperateNumbersIntentHandler.swift; sourceTree = "<group>"; };
		81D54A8A28767DA00059218E /* Sensitive.app */ = {isa = PBXFileReference; explicitFileType = wrapper.application; includeInIndex = 0; path = Sensitive.app; sourceTree = BUILT_PRODUCTS_DIR; };
		81D54A8D28767DA00059218E /* AppDelegate.swift */ = {isa = PBXFileReference; lastKnownFileType = sourcecode.swift; path = AppDelegate.swift; sourceTree = "<group>"; };
		81D54A8F28767DA00059218E /* SceneDelegate.swift */ = {isa = PBXFileReference; lastKnownFileType = sourcecode.swift; path = SceneDelegate.swift; sourceTree = "<group>"; };
		81D54A9128767DA00059218E /* ViewController.swift */ = {isa = PBXFileReference; lastKnownFileType = sourcecode.swift; path = ViewController.swift; sourceTree = "<group>"; };
		81D54A9428767DA00059218E /* Base */ = {isa = PBXFileReference; lastKnownFileType = file.storyboard; name = Base; path = Base.lproj/Main.storyboard; sourceTree = "<group>"; };
		81D54A9628767DA20059218E /* Assets.xcassets */ = {isa = PBXFileReference; lastKnownFileType = folder.assetcatalog; path = Assets.xcassets; sourceTree = "<group>"; };
		81D54A9928767DA20059218E /* Base */ = {isa = PBXFileReference; lastKnownFileType = file.storyboard; name = Base; path = Base.lproj/LaunchScreen.storyboard; sourceTree = "<group>"; };
		81D54A9B28767DA20059218E /* Info.plist */ = {isa = PBXFileReference; lastKnownFileType = text.plist.xml; path = Info.plist; sourceTree = "<group>"; };
/* End PBXFileReference section */

/* Begin PBXFrameworksBuildPhase section */
		8168A59B28796D540021C4B2 /* Frameworks */ = {
			isa = PBXFrameworksBuildPhase;
			buildActionMask = 2147483647;
			files = (
				8168A5A128796D540021C4B2 /* Intents.framework in Frameworks */,
			);
			runOnlyForDeploymentPostprocessing = 0;
		};
		8168A5A728796D550021C4B2 /* Frameworks */ = {
			isa = PBXFrameworksBuildPhase;
			buildActionMask = 2147483647;
			files = (
				8168A5AC28796D550021C4B2 /* IntentsUI.framework in Frameworks */,
			);
			runOnlyForDeploymentPostprocessing = 0;
		};
		81D54A8728767DA00059218E /* Frameworks */ = {
			isa = PBXFrameworksBuildPhase;
			buildActionMask = 2147483647;
			files = (
			);
			runOnlyForDeploymentPostprocessing = 0;
		};
/* End PBXFrameworksBuildPhase section */

/* Begin PBXGroup section */
		810812E5287819B6000BBB40 /* PrimaryButton */ = {
			isa = PBXGroup;
			children = (
				810812E3287818E5000BBB40 /* PrimaryButton.swift */,
				810812E6287819CA000BBB40 /* PrimaryButton.xib */,
			);
			path = PrimaryButton;
			sourceTree = "<group>";
		};
		8168A59F28796D540021C4B2 /* Frameworks */ = {
			isa = PBXGroup;
			children = (
				8168A5A028796D540021C4B2 /* Intents.framework */,
				8168A5AB28796D550021C4B2 /* IntentsUI.framework */,
			);
			name = Frameworks;
			sourceTree = "<group>";
		};
		8168A5A228796D540021C4B2 /* Intent */ = {
			isa = PBXGroup;
			children = (
				8168A5A328796D540021C4B2 /* IntentHandler.swift */,
				8168A5A528796D540021C4B2 /* Info.plist */,
				8168A5C028796D750021C4B2 /* Intents.intentdefinition */,
				8168A5C328796EE90021C4B2 /* OperateNumbersIntentHandler.swift */,
			);
			path = Intent;
			sourceTree = "<group>";
		};
		8168A5AD28796D550021C4B2 /* IntentUI */ = {
			isa = PBXGroup;
			children = (
				8168A5AE28796D550021C4B2 /* IntentViewController.swift */,
				8168A5B028796D550021C4B2 /* MainInterface.storyboard */,
				8168A5B328796D550021C4B2 /* Info.plist */,
			);
			path = IntentUI;
			sourceTree = "<group>";
		};
		81D54A8128767DA00059218E = {
			isa = PBXGroup;
			children = (
				81D54A8C28767DA00059218E /* Sensitive */,
				8168A5A228796D540021C4B2 /* Intent */,
				8168A5AD28796D550021C4B2 /* IntentUI */,
				8168A59F28796D540021C4B2 /* Frameworks */,
				81D54A8B28767DA00059218E /* Products */,
			);
			sourceTree = "<group>";
		};
		81D54A8B28767DA00059218E /* Products */ = {
			isa = PBXGroup;
			children = (
				81D54A8A28767DA00059218E /* Sensitive.app */,
				8168A59E28796D540021C4B2 /* Intent.appex */,
				8168A5AA28796D550021C4B2 /* IntentUI.appex */,
			);
			name = Products;
			sourceTree = "<group>";
		};
		81D54A8C28767DA00059218E /* Sensitive */ = {
			isa = PBXGroup;
			children = (
				810812E5287819B6000BBB40 /* PrimaryButton */,
				810812E22876E5A9000BBB40 /* Sensitive.entitlements */,
				81D54A8D28767DA00059218E /* AppDelegate.swift */,
				81D54A8F28767DA00059218E /* SceneDelegate.swift */,
				81D54A9128767DA00059218E /* ViewController.swift */,
				81D54A9328767DA00059218E /* Main.storyboard */,
				81D54A9628767DA20059218E /* Assets.xcassets */,
				81D54A9828767DA20059218E /* LaunchScreen.storyboard */,
				81D54A9B28767DA20059218E /* Info.plist */,
			);
			path = Sensitive;
			sourceTree = "<group>";
		};
/* End PBXGroup section */

/* Begin PBXNativeTarget section */
		8168A59D28796D540021C4B2 /* Intent */ = {
			isa = PBXNativeTarget;
			buildConfigurationList = 8168A5BD28796D550021C4B2 /* Build configuration list for PBXNativeTarget "Intent" */;
			buildPhases = (
				8168A59A28796D540021C4B2 /* Sources */,
				8168A59B28796D540021C4B2 /* Frameworks */,
				8168A59C28796D540021C4B2 /* Resources */,
			);
			buildRules = (
			);
			dependencies = (
			);
			name = Intent;
			productName = Intent;
			productReference = 8168A59E28796D540021C4B2 /* Intent.appex */;
			productType = "com.apple.product-type.app-extension";
		};
		8168A5A928796D550021C4B2 /* IntentUI */ = {
			isa = PBXNativeTarget;
			buildConfigurationList = 8168A5BA28796D550021C4B2 /* Build configuration list for PBXNativeTarget "IntentUI" */;
			buildPhases = (
				8168A5A628796D550021C4B2 /* Sources */,
				8168A5A728796D550021C4B2 /* Frameworks */,
				8168A5A828796D550021C4B2 /* Resources */,
			);
			buildRules = (
			);
			dependencies = (
			);
			name = IntentUI;
			productName = IntentUI;
			productReference = 8168A5AA28796D550021C4B2 /* IntentUI.appex */;
			productType = "com.apple.product-type.app-extension";
		};
		81D54A8928767DA00059218E /* Sensitive */ = {
			isa = PBXNativeTarget;
			buildConfigurationList = 81D54AB428767DA30059218E /* Build configuration list for PBXNativeTarget "Sensitive" */;
			buildPhases = (
				81D54A8628767DA00059218E /* Sources */,
				81D54A8728767DA00059218E /* Frameworks */,
				81D54A8828767DA00059218E /* Resources */,
				8108130E28782574000BBB40 /* Embed App Extensions */,
			);
			buildRules = (
			);
			dependencies = (
				8168A5B528796D550021C4B2 /* PBXTargetDependency */,
				8168A5B828796D550021C4B2 /* PBXTargetDependency */,
			);
			name = Sensitive;
			productName = Sensitive;
			productReference = 81D54A8A28767DA00059218E /* Sensitive.app */;
			productType = "com.apple.product-type.application";
		};
/* End PBXNativeTarget section */

/* Begin PBXProject section */
		81D54A8228767DA00059218E /* Project object */ = {
			isa = PBXProject;
			attributes = {
				BuildIndependentTargetsInParallel = 1;
				LastSwiftUpdateCheck = 1340;
				LastUpgradeCheck = 1340;
				TargetAttributes = {
					8168A59D28796D540021C4B2 = {
						CreatedOnToolsVersion = 13.4;
					};
					8168A5A928796D550021C4B2 = {
						CreatedOnToolsVersion = 13.4;
					};
					81D54A8928767DA00059218E = {
						CreatedOnToolsVersion = 13.4;
					};
				};
			};
			buildConfigurationList = 81D54A8528767DA00059218E /* Build configuration list for PBXProject "Sensitive" */;
			compatibilityVersion = "Xcode 13.0";
			developmentRegion = en;
			hasScannedForEncodings = 0;
			knownRegions = (
				en,
				Base,
			);
			mainGroup = 81D54A8128767DA00059218E;
			productRefGroup = 81D54A8B28767DA00059218E /* Products */;
			projectDirPath = "";
			projectRoot = "";
			targets = (
				81D54A8928767DA00059218E /* Sensitive */,
				8168A59D28796D540021C4B2 /* Intent */,
				8168A5A928796D550021C4B2 /* IntentUI */,
			);
		};
/* End PBXProject section */

/* Begin PBXResourcesBuildPhase section */
		8168A59C28796D540021C4B2 /* Resources */ = {
			isa = PBXResourcesBuildPhase;
			buildActionMask = 2147483647;
			files = (
			);
			runOnlyForDeploymentPostprocessing = 0;
		};
		8168A5A828796D550021C4B2 /* Resources */ = {
			isa = PBXResourcesBuildPhase;
			buildActionMask = 2147483647;
			files = (
				8168A5B228796D550021C4B2 /* MainInterface.storyboard in Resources */,
			);
			runOnlyForDeploymentPostprocessing = 0;
		};
		81D54A8828767DA00059218E /* Resources */ = {
			isa = PBXResourcesBuildPhase;
			buildActionMask = 2147483647;
			files = (
				81D54A9A28767DA20059218E /* LaunchScreen.storyboard in Resources */,
				81D54A9728767DA20059218E /* Assets.xcassets in Resources */,
				810812E7287819CA000BBB40 /* PrimaryButton.xib in Resources */,
				81D54A9528767DA00059218E /* Main.storyboard in Resources */,
			);
			runOnlyForDeploymentPostprocessing = 0;
		};
/* End PBXResourcesBuildPhase section */

/* Begin PBXSourcesBuildPhase section */
		8168A59A28796D540021C4B2 /* Sources */ = {
			isa = PBXSourcesBuildPhase;
			buildActionMask = 2147483647;
			files = (
				8168A5C528796EE90021C4B2 /* OperateNumbersIntentHandler.swift in Sources */,
				8168A5C228796D750021C4B2 /* Intents.intentdefinition in Sources */,
				8168A5A428796D540021C4B2 /* IntentHandler.swift in Sources */,
			);
			runOnlyForDeploymentPostprocessing = 0;
		};
		8168A5A628796D550021C4B2 /* Sources */ = {
			isa = PBXSourcesBuildPhase;
			buildActionMask = 2147483647;
			files = (
				8168A5AF28796D550021C4B2 /* IntentViewController.swift in Sources */,
			);
			runOnlyForDeploymentPostprocessing = 0;
		};
		81D54A8628767DA00059218E /* Sources */ = {
			isa = PBXSourcesBuildPhase;
			buildActionMask = 2147483647;
			files = (
				81D54A9228767DA00059218E /* ViewController.swift in Sources */,
				81D54A8E28767DA00059218E /* AppDelegate.swift in Sources */,
				810812E4287818E5000BBB40 /* PrimaryButton.swift in Sources */,
				8168A5C128796D750021C4B2 /* Intents.intentdefinition in Sources */,
				81D54A9028767DA00059218E /* SceneDelegate.swift in Sources */,
			);
			runOnlyForDeploymentPostprocessing = 0;
		};
/* End PBXSourcesBuildPhase section */

/* Begin PBXTargetDependency section */
		8168A5B528796D550021C4B2 /* PBXTargetDependency */ = {
			isa = PBXTargetDependency;
			target = 8168A5A928796D550021C4B2 /* IntentUI */;
			targetProxy = 8168A5B428796D550021C4B2 /* PBXContainerItemProxy */;
		};
		8168A5B828796D550021C4B2 /* PBXTargetDependency */ = {
			isa = PBXTargetDependency;
			target = 8168A59D28796D540021C4B2 /* Intent */;
			targetProxy = 8168A5B728796D550021C4B2 /* PBXContainerItemProxy */;
		};
/* End PBXTargetDependency section */

/* Begin PBXVariantGroup section */
		8168A5B028796D550021C4B2 /* MainInterface.storyboard */ = {
			isa = PBXVariantGroup;
			children = (
				8168A5B128796D550021C4B2 /* Base */,
			);
			name = MainInterface.storyboard;
			sourceTree = "<group>";
		};
		81D54A9328767DA00059218E /* Main.storyboard */ = {
			isa = PBXVariantGroup;
			children = (
				81D54A9428767DA00059218E /* Base */,
			);
			name = Main.storyboard;
			sourceTree = "<group>";
		};
		81D54A9828767DA20059218E /* LaunchScreen.storyboard */ = {
			isa = PBXVariantGroup;
			children = (
				81D54A9928767DA20059218E /* Base */,
			);
			name = LaunchScreen.storyboard;
			sourceTree = "<group>";
		};
/* End PBXVariantGroup section */

/* Begin XCBuildConfiguration section */
		8168A5BB28796D550021C4B2 /* Debug */ = {
			isa = XCBuildConfiguration;
			buildSettings = {
				CODE_SIGN_STYLE = Automatic;
				CURRENT_PROJECT_VERSION = 1;
				DEVELOPMENT_TEAM = ZVSSHMTWJG;
				GENERATE_INFOPLIST_FILE = YES;
				INFOPLIST_FILE = IntentUI/Info.plist;
				INFOPLIST_KEY_CFBundleDisplayName = IntentUI;
				INFOPLIST_KEY_NSHumanReadableCopyright = "";
				IPHONEOS_DEPLOYMENT_TARGET = 15.5;
				LD_RUNPATH_SEARCH_PATHS = (
					"$(inherited)",
					"@executable_path/Frameworks",
					"@executable_path/../../Frameworks",
				);
				MARKETING_VERSION = 1.0;
				PRODUCT_BUNDLE_IDENTIFIER = com.dubydu.Sensitive.IntentUI;
				PRODUCT_NAME = "$(TARGET_NAME)";
				SKIP_INSTALL = YES;
				SWIFT_EMIT_LOC_STRINGS = YES;
				SWIFT_VERSION = 5.0;
				TARGETED_DEVICE_FAMILY = "1,2";
			};
			name = Debug;
		};
		8168A5BC28796D550021C4B2 /* Release */ = {
			isa = XCBuildConfiguration;
			buildSettings = {
				CODE_SIGN_STYLE = Automatic;
				CURRENT_PROJECT_VERSION = 1;
				DEVELOPMENT_TEAM = ZVSSHMTWJG;
				GENERATE_INFOPLIST_FILE = YES;
				INFOPLIST_FILE = IntentUI/Info.plist;
				INFOPLIST_KEY_CFBundleDisplayName = IntentUI;
				INFOPLIST_KEY_NSHumanReadableCopyright = "";
				IPHONEOS_DEPLOYMENT_TARGET = 15.5;
				LD_RUNPATH_SEARCH_PATHS = (
					"$(inherited)",
					"@executable_path/Frameworks",
					"@executable_path/../../Frameworks",
				);
				MARKETING_VERSION = 1.0;
				PRODUCT_BUNDLE_IDENTIFIER = com.dubydu.Sensitive.IntentUI;
				PRODUCT_NAME = "$(TARGET_NAME)";
				SKIP_INSTALL = YES;
				SWIFT_EMIT_LOC_STRINGS = YES;
				SWIFT_VERSION = 5.0;
				TARGETED_DEVICE_FAMILY = "1,2";
			};
			name = Release;
		};
		8168A5BE28796D550021C4B2 /* Debug */ = {
			isa = XCBuildConfiguration;
			buildSettings = {
				CODE_SIGN_STYLE = Automatic;
				CURRENT_PROJECT_VERSION = 1;
				DEVELOPMENT_TEAM = ZVSSHMTWJG;
				GENERATE_INFOPLIST_FILE = YES;
				INFOPLIST_FILE = Intent/Info.plist;
				INFOPLIST_KEY_CFBundleDisplayName = Intent;
				INFOPLIST_KEY_NSHumanReadableCopyright = "";
				IPHONEOS_DEPLOYMENT_TARGET = 15.5;
				LD_RUNPATH_SEARCH_PATHS = (
					"$(inherited)",
					"@executable_path/Frameworks",
					"@executable_path/../../Frameworks",
				);
				MARKETING_VERSION = 1.0;
				PRODUCT_BUNDLE_IDENTIFIER = com.dubydu.Sensitive.Intent;
				PRODUCT_NAME = "$(TARGET_NAME)";
				SKIP_INSTALL = YES;
				SWIFT_EMIT_LOC_STRINGS = YES;
				SWIFT_VERSION = 5.0;
				TARGETED_DEVICE_FAMILY = "1,2";
			};
			name = Debug;
		};
		8168A5BF28796D550021C4B2 /* Release */ = {
			isa = XCBuildConfiguration;
			buildSettings = {
				CODE_SIGN_STYLE = Automatic;
				CURRENT_PROJECT_VERSION = 1;
				DEVELOPMENT_TEAM = ZVSSHMTWJG;
				GENERATE_INFOPLIST_FILE = YES;
				INFOPLIST_FILE = Intent/Info.plist;
				INFOPLIST_KEY_CFBundleDisplayName = Intent;
				INFOPLIST_KEY_NSHumanReadableCopyright = "";
				IPHONEOS_DEPLOYMENT_TARGET = 15.5;
				LD_RUNPATH_SEARCH_PATHS = (
					"$(inherited)",
					"@executable_path/Frameworks",
					"@executable_path/../../Frameworks",
				);
				MARKETING_VERSION = 1.0;
				PRODUCT_BUNDLE_IDENTIFIER = com.dubydu.Sensitive.Intent;
				PRODUCT_NAME = "$(TARGET_NAME)";
				SKIP_INSTALL = YES;
				SWIFT_EMIT_LOC_STRINGS = YES;
				SWIFT_VERSION = 5.0;
				TARGETED_DEVICE_FAMILY = "1,2";
			};
			name = Release;
		};
		81D54AB228767DA30059218E /* Debug */ = {
			isa = XCBuildConfiguration;
			buildSettings = {
				ALWAYS_SEARCH_USER_PATHS = NO;
				CLANG_ANALYZER_NONNULL = YES;
				CLANG_ANALYZER_NUMBER_OBJECT_CONVERSION = YES_AGGRESSIVE;
				CLANG_CXX_LANGUAGE_STANDARD = "gnu++17";
				CLANG_ENABLE_MODULES = YES;
				CLANG_ENABLE_OBJC_ARC = YES;
				CLANG_ENABLE_OBJC_WEAK = YES;
				CLANG_WARN_BLOCK_CAPTURE_AUTORELEASING = YES;
				CLANG_WARN_BOOL_CONVERSION = YES;
				CLANG_WARN_COMMA = YES;
				CLANG_WARN_CONSTANT_CONVERSION = YES;
				CLANG_WARN_DEPRECATED_OBJC_IMPLEMENTATIONS = YES;
				CLANG_WARN_DIRECT_OBJC_ISA_USAGE = YES_ERROR;
				CLANG_WARN_DOCUMENTATION_COMMENTS = YES;
				CLANG_WARN_EMPTY_BODY = YES;
				CLANG_WARN_ENUM_CONVERSION = YES;
				CLANG_WARN_INFINITE_RECURSION = YES;
				CLANG_WARN_INT_CONVERSION = YES;
				CLANG_WARN_NON_LITERAL_NULL_CONVERSION = YES;
				CLANG_WARN_OBJC_IMPLICIT_RETAIN_SELF = YES;
				CLANG_WARN_OBJC_LITERAL_CONVERSION = YES;
				CLANG_WARN_OBJC_ROOT_CLASS = YES_ERROR;
				CLANG_WARN_QUOTED_INCLUDE_IN_FRAMEWORK_HEADER = YES;
				CLANG_WARN_RANGE_LOOP_ANALYSIS = YES;
				CLANG_WARN_STRICT_PROTOTYPES = YES;
				CLANG_WARN_SUSPICIOUS_MOVE = YES;
				CLANG_WARN_UNGUARDED_AVAILABILITY = YES_AGGRESSIVE;
				CLANG_WARN_UNREACHABLE_CODE = YES;
				CLANG_WARN__DUPLICATE_METHOD_MATCH = YES;
				COPY_PHASE_STRIP = NO;
				DEBUG_INFORMATION_FORMAT = dwarf;
				ENABLE_STRICT_OBJC_MSGSEND = YES;
				ENABLE_TESTABILITY = YES;
				GCC_C_LANGUAGE_STANDARD = gnu11;
				GCC_DYNAMIC_NO_PIC = NO;
				GCC_NO_COMMON_BLOCKS = YES;
				GCC_OPTIMIZATION_LEVEL = 0;
				GCC_PREPROCESSOR_DEFINITIONS = (
					"DEBUG=1",
					"$(inherited)",
				);
				GCC_WARN_64_TO_32_BIT_CONVERSION = YES;
				GCC_WARN_ABOUT_RETURN_TYPE = YES_ERROR;
				GCC_WARN_UNDECLARED_SELECTOR = YES;
				GCC_WARN_UNINITIALIZED_AUTOS = YES_AGGRESSIVE;
				GCC_WARN_UNUSED_FUNCTION = YES;
				GCC_WARN_UNUSED_VARIABLE = YES;
				IPHONEOS_DEPLOYMENT_TARGET = 14.5;
				MTL_ENABLE_DEBUG_INFO = INCLUDE_SOURCE;
				MTL_FAST_MATH = YES;
				ONLY_ACTIVE_ARCH = YES;
				SDKROOT = iphoneos;
				SWIFT_ACTIVE_COMPILATION_CONDITIONS = DEBUG;
				SWIFT_OPTIMIZATION_LEVEL = "-Onone";
			};
			name = Debug;
		};
		81D54AB328767DA30059218E /* Release */ = {
			isa = XCBuildConfiguration;
			buildSettings = {
				ALWAYS_SEARCH_USER_PATHS = NO;
				CLANG_ANALYZER_NONNULL = YES;
				CLANG_ANALYZER_NUMBER_OBJECT_CONVERSION = YES_AGGRESSIVE;
				CLANG_CXX_LANGUAGE_STANDARD = "gnu++17";
				CLANG_ENABLE_MODULES = YES;
				CLANG_ENABLE_OBJC_ARC = YES;
				CLANG_ENABLE_OBJC_WEAK = YES;
				CLANG_WARN_BLOCK_CAPTURE_AUTORELEASING = YES;
				CLANG_WARN_BOOL_CONVERSION = YES;
				CLANG_WARN_COMMA = YES;
				CLANG_WARN_CONSTANT_CONVERSION = YES;
				CLANG_WARN_DEPRECATED_OBJC_IMPLEMENTATIONS = YES;
				CLANG_WARN_DIRECT_OBJC_ISA_USAGE = YES_ERROR;
				CLANG_WARN_DOCUMENTATION_COMMENTS = YES;
				CLANG_WARN_EMPTY_BODY = YES;
				CLANG_WARN_ENUM_CONVERSION = YES;
				CLANG_WARN_INFINITE_RECURSION = YES;
				CLANG_WARN_INT_CONVERSION = YES;
				CLANG_WARN_NON_LITERAL_NULL_CONVERSION = YES;
				CLANG_WARN_OBJC_IMPLICIT_RETAIN_SELF = YES;
				CLANG_WARN_OBJC_LITERAL_CONVERSION = YES;
				CLANG_WARN_OBJC_ROOT_CLASS = YES_ERROR;
				CLANG_WARN_QUOTED_INCLUDE_IN_FRAMEWORK_HEADER = YES;
				CLANG_WARN_RANGE_LOOP_ANALYSIS = YES;
				CLANG_WARN_STRICT_PROTOTYPES = YES;
				CLANG_WARN_SUSPICIOUS_MOVE = YES;
				CLANG_WARN_UNGUARDED_AVAILABILITY = YES_AGGRESSIVE;
				CLANG_WARN_UNREACHABLE_CODE = YES;
				CLANG_WARN__DUPLICATE_METHOD_MATCH = YES;
				COPY_PHASE_STRIP = NO;
				DEBUG_INFORMATION_FORMAT = "dwarf-with-dsym";
				ENABLE_NS_ASSERTIONS = NO;
				ENABLE_STRICT_OBJC_MSGSEND = YES;
				GCC_C_LANGUAGE_STANDARD = gnu11;
				GCC_NO_COMMON_BLOCKS = YES;
				GCC_WARN_64_TO_32_BIT_CONVERSION = YES;
				GCC_WARN_ABOUT_RETURN_TYPE = YES_ERROR;
				GCC_WARN_UNDECLARED_SELECTOR = YES;
				GCC_WARN_UNINITIALIZED_AUTOS = YES_AGGRESSIVE;
				GCC_WARN_UNUSED_FUNCTION = YES;
				GCC_WARN_UNUSED_VARIABLE = YES;
				IPHONEOS_DEPLOYMENT_TARGET = 14.5;
				MTL_ENABLE_DEBUG_INFO = NO;
				MTL_FAST_MATH = YES;
				SDKROOT = iphoneos;
				SWIFT_COMPILATION_MODE = wholemodule;
				SWIFT_OPTIMIZATION_LEVEL = "-O";
				VALIDATE_PRODUCT = YES;
			};
			name = Release;
		};
		81D54AB528767DA30059218E /* Debug */ = {
			isa = XCBuildConfiguration;
			buildSettings = {
				ALWAYS_EMBED_SWIFT_STANDARD_LIBRARIES = YES;
				ASSETCATALOG_COMPILER_APPICON_NAME = AppIcon;
				ASSETCATALOG_COMPILER_GLOBAL_ACCENT_COLOR_NAME = AccentColor;
				CODE_SIGN_ENTITLEMENTS = Sensitive/Sensitive.entitlements;
				CODE_SIGN_STYLE = Automatic;
				CURRENT_PROJECT_VERSION = 1;
				DEVELOPMENT_TEAM = ZVSSHMTWJG;
				GENERATE_INFOPLIST_FILE = YES;
				INFOPLIST_FILE = Sensitive/Info.plist;
				INFOPLIST_KEY_CFBundleDisplayName = "Time-Sensitive";
				INFOPLIST_KEY_UIApplicationSupportsIndirectInputEvents = YES;
				INFOPLIST_KEY_UILaunchStoryboardName = LaunchScreen;
				INFOPLIST_KEY_UIMainStoryboardFile = Main;
				INFOPLIST_KEY_UISupportedInterfaceOrientations_iPad = "UIInterfaceOrientationPortrait UIInterfaceOrientationPortraitUpsideDown UIInterfaceOrientationLandscapeLeft UIInterfaceOrientationLandscapeRight";
				INFOPLIST_KEY_UISupportedInterfaceOrientations_iPhone = "UIInterfaceOrientationPortrait UIInterfaceOrientationLandscapeLeft UIInterfaceOrientationLandscapeRight";
				IPHONEOS_DEPLOYMENT_TARGET = 14.5;
				LD_RUNPATH_SEARCH_PATHS = (
					"$(inherited)",
					"@executable_path/Frameworks",
				);
				MARKETING_VERSION = 1.0;
				PRODUCT_BUNDLE_IDENTIFIER = com.dubydu.Sensitive;
				PRODUCT_NAME = "$(TARGET_NAME)";
				SWIFT_EMIT_LOC_STRINGS = YES;
				SWIFT_VERSION = 5.0;
				TARGETED_DEVICE_FAMILY = "1,2";
			};
			name = Debug;
		};
		81D54AB628767DA30059218E /* Release */ = {
			isa = XCBuildConfiguration;
			buildSettings = {
				ALWAYS_EMBED_SWIFT_STANDARD_LIBRARIES = YES;
				ASSETCATALOG_COMPILER_APPICON_NAME = AppIcon;
				ASSETCATALOG_COMPILER_GLOBAL_ACCENT_COLOR_NAME = AccentColor;
				CODE_SIGN_ENTITLEMENTS = Sensitive/Sensitive.entitlements;
				CODE_SIGN_STYLE = Automatic;
				CURRENT_PROJECT_VERSION = 1;
				DEVELOPMENT_TEAM = ZVSSHMTWJG;
				GENERATE_INFOPLIST_FILE = YES;
				INFOPLIST_FILE = Sensitive/Info.plist;
				INFOPLIST_KEY_CFBundleDisplayName = "Time-Sensitive";
				INFOPLIST_KEY_UIApplicationSupportsIndirectInputEvents = YES;
				INFOPLIST_KEY_UILaunchStoryboardName = LaunchScreen;
				INFOPLIST_KEY_UIMainStoryboardFile = Main;
				INFOPLIST_KEY_UISupportedInterfaceOrientations_iPad = "UIInterfaceOrientationPortrait UIInterfaceOrientationPortraitUpsideDown UIInterfaceOrientationLandscapeLeft UIInterfaceOrientationLandscapeRight";
				INFOPLIST_KEY_UISupportedInterfaceOrientations_iPhone = "UIInterfaceOrientationPortrait UIInterfaceOrientationLandscapeLeft UIInterfaceOrientationLandscapeRight";
				IPHONEOS_DEPLOYMENT_TARGET = 14.5;
				LD_RUNPATH_SEARCH_PATHS = (
					"$(inherited)",
					"@executable_path/Frameworks",
				);
				MARKETING_VERSION = 1.0;
				PRODUCT_BUNDLE_IDENTIFIER = com.dubydu.Sensitive;
				PRODUCT_NAME = "$(TARGET_NAME)";
				SWIFT_EMIT_LOC_STRINGS = YES;
				SWIFT_VERSION = 5.0;
				TARGETED_DEVICE_FAMILY = "1,2";
			};
			name = Release;
		};
/* End XCBuildConfiguration section */

/* Begin XCConfigurationList section */
		8168A5BA28796D550021C4B2 /* Build configuration list for PBXNativeTarget "IntentUI" */ = {
			isa = XCConfigurationList;
			buildConfigurations = (
				8168A5BB28796D550021C4B2 /* Debug */,
				8168A5BC28796D550021C4B2 /* Release */,
			);
			defaultConfigurationIsVisible = 0;
			defaultConfigurationName = Release;
		};
		8168A5BD28796D550021C4B2 /* Build configuration list for PBXNativeTarget "Intent" */ = {
			isa = XCConfigurationList;
			buildConfigurations = (
				8168A5BE28796D550021C4B2 /* Debug */,
				8168A5BF28796D550021C4B2 /* Release */,
			);
			defaultConfigurationIsVisible = 0;
			defaultConfigurationName = Release;
		};
		81D54A8528767DA00059218E /* Build configuration list for PBXProject "Sensitive" */ = {
			isa = XCConfigurationList;
			buildConfigurations = (
				81D54AB228767DA30059218E /* Debug */,
				81D54AB328767DA30059218E /* Release */,
			);
			defaultConfigurationIsVisible = 0;
			defaultConfigurationName = Release;
		};
		81D54AB428767DA30059218E /* Build configuration list for PBXNativeTarget "Sensitive" */ = {
			isa = XCConfigurationList;
			buildConfigurations = (
				81D54AB528767DA30059218E /* Debug */,
				81D54AB628767DA30059218E /* Release */,
			);
			defaultConfigurationIsVisible = 0;
			defaultConfigurationName = Release;
		};
/* End XCConfigurationList section */
	};
	rootObject = 81D54A8228767DA00059218E /* Project object */;
}
